// !$*UTF8*$!
{
	archiveVersion = 1;
	classes = {
	};
	objectVersion = 50;
	objects = {

/* Begin PBXBuildFile section */
		D060BD5B255D352C00738267 /* AppDelegate.swift in Sources */ = {isa = PBXBuildFile; fileRef = D060BD5A255D352C00738267 /* AppDelegate.swift */; };
		D060BD5D255D352C00738267 /* art.scnassets in Resources */ = {isa = PBXBuildFile; fileRef = D060BD5C255D352C00738267 /* art.scnassets */; };
		D060BD5F255D352C00738267 /* ViewController.swift in Sources */ = {isa = PBXBuildFile; fileRef = D060BD5E255D352C00738267 /* ViewController.swift */; };
		D060BD62255D352C00738267 /* Main.storyboard in Resources */ = {isa = PBXBuildFile; fileRef = D060BD60255D352C00738267 /* Main.storyboard */; };
		D060BD64255D352D00738267 /* Assets.xcassets in Resources */ = {isa = PBXBuildFile; fileRef = D060BD63255D352D00738267 /* Assets.xcassets */; };
		D060BD67255D352D00738267 /* LaunchScreen.storyboard in Resources */ = {isa = PBXBuildFile; fileRef = D060BD65255D352D00738267 /* LaunchScreen.storyboard */; };
		D060BD72255D352E00738267 /* AR_SwiftTests.swift in Sources */ = {isa = PBXBuildFile; fileRef = D060BD71255D352E00738267 /* AR_SwiftTests.swift */; };
		D060BD7D255D352E00738267 /* AR_SwiftUITests.swift in Sources */ = {isa = PBXBuildFile; fileRef = D060BD7C255D352E00738267 /* AR_SwiftUITests.swift */; };
/* End PBXBuildFile section */

/* Begin PBXContainerItemProxy section */
		D060BD6E255D352E00738267 /* PBXContainerItemProxy */ = {
			isa = PBXContainerItemProxy;
			containerPortal = D060BD4F255D352C00738267 /* Project object */;
			proxyType = 1;
			remoteGlobalIDString = D060BD56255D352C00738267;
			remoteInfo = AR_Swift;
		};
		D060BD79255D352E00738267 /* PBXContainerItemProxy */ = {
			isa = PBXContainerItemProxy;
			containerPortal = D060BD4F255D352C00738267 /* Project object */;
			proxyType = 1;
			remoteGlobalIDString = D060BD56255D352C00738267;
			remoteInfo = AR_Swift;
		};
/* End PBXContainerItemProxy section */

/* Begin PBXFileReference section */
		D060BD57255D352C00738267 /* AR_Swift.app */ = {isa = PBXFileReference; explicitFileType = wrapper.application; includeInIndex = 0; path = AR_Swift.app; sourceTree = BUILT_PRODUCTS_DIR; };
		D060BD5A255D352C00738267 /* AppDelegate.swift */ = {isa = PBXFileReference; lastKnownFileType = sourcecode.swift; path = AppDelegate.swift; sourceTree = "<group>"; };
		D060BD5C255D352C00738267 /* art.scnassets */ = {isa = PBXFileReference; lastKnownFileType = wrapper.scnassets; path = art.scnassets; sourceTree = "<group>"; };
		D060BD5E255D352C00738267 /* ViewController.swift */ = {isa = PBXFileReference; lastKnownFileType = sourcecode.swift; path = ViewController.swift; sourceTree = "<group>"; };
		D060BD61255D352C00738267 /* Base */ = {isa = PBXFileReference; lastKnownFileType = file.storyboard; name = Base; path = Base.lproj/Main.storyboard; sourceTree = "<group>"; };
		D060BD63255D352D00738267 /* Assets.xcassets */ = {isa = PBXFileReference; lastKnownFileType = folder.assetcatalog; path = Assets.xcassets; sourceTree = "<group>"; };
		D060BD66255D352D00738267 /* Base */ = {isa = PBXFileReference; lastKnownFileType = file.storyboard; name = Base; path = Base.lproj/LaunchScreen.storyboard; sourceTree = "<group>"; };
		D060BD68255D352D00738267 /* Info.plist */ = {isa = PBXFileReference; lastKnownFileType = text.plist.xml; path = Info.plist; sourceTree = "<group>"; };
		D060BD6D255D352E00738267 /* AR_SwiftTests.xctest */ = {isa = PBXFileReference; explicitFileType = wrapper.cfbundle; includeInIndex = 0; path = AR_SwiftTests.xctest; sourceTree = BUILT_PRODUCTS_DIR; };
		D060BD71255D352E00738267 /* AR_SwiftTests.swift */ = {isa = PBXFileReference; lastKnownFileType = sourcecode.swift; path = AR_SwiftTests.swift; sourceTree = "<group>"; };
		D060BD73255D352E00738267 /* Info.plist */ = {isa = PBXFileReference; lastKnownFileType = text.plist.xml; path = Info.plist; sourceTree = "<group>"; };
		D060BD78255D352E00738267 /* AR_SwiftUITests.xctest */ = {isa = PBXFileReference; explicitFileType = wrapper.cfbundle; includeInIndex = 0; path = AR_SwiftUITests.xctest; sourceTree = BUILT_PRODUCTS_DIR; };
		D060BD7C255D352E00738267 /* AR_SwiftUITests.swift */ = {isa = PBXFileReference; lastKnownFileType = sourcecode.swift; path = AR_SwiftUITests.swift; sourceTree = "<group>"; };
		D060BD7E255D352E00738267 /* Info.plist */ = {isa = PBXFileReference; lastKnownFileType = text.plist.xml; path = Info.plist; sourceTree = "<group>"; };
/* End PBXFileReference section */

/* Begin PBXFrameworksBuildPhase section */
		D060BD54255D352C00738267 /* Frameworks */ = {
			isa = PBXFrameworksBuildPhase;
			buildActionMask = 2147483647;
			files = (
			);
			runOnlyForDeploymentPostprocessing = 0;
		};
		D060BD6A255D352E00738267 /* Frameworks */ = {
			isa = PBXFrameworksBuildPhase;
			buildActionMask = 2147483647;
			files = (
			);
			runOnlyForDeploymentPostprocessing = 0;
		};
		D060BD75255D352E00738267 /* Frameworks */ = {
			isa = PBXFrameworksBuildPhase;
			buildActionMask = 2147483647;
			files = (
			);
			runOnlyForDeploymentPostprocessing = 0;
		};
/* End PBXFrameworksBuildPhase section */

/* Begin PBXGroup section */
		D060BD4E255D352C00738267 = {
			isa = PBXGroup;
			children = (
				D060BD59255D352C00738267 /* AR_Swift */,
				D060BD70255D352E00738267 /* AR_SwiftTests */,
				D060BD7B255D352E00738267 /* AR_SwiftUITests */,
				D060BD58255D352C00738267 /* Products */,
			);
			sourceTree = "<group>";
		};
		D060BD58255D352C00738267 /* Products */ = {
			isa = PBXGroup;
			children = (
				D060BD57255D352C00738267 /* AR_Swift.app */,
				D060BD6D255D352E00738267 /* AR_SwiftTests.xctest */,
				D060BD78255D352E00738267 /* AR_SwiftUITests.xctest */,
			);
			name = Products;
			sourceTree = "<group>";
		};
		D060BD59255D352C00738267 /* AR_Swift */ = {
			isa = PBXGroup;
			children = (
				D060BD5A255D352C00738267 /* AppDelegate.swift */,
				D060BD5C255D352C00738267 /* art.scnassets */,
				D060BD5E255D352C00738267 /* ViewController.swift */,
				D060BD60255D352C00738267 /* Main.storyboard */,
				D060BD63255D352D00738267 /* Assets.xcassets */,
				D060BD65255D352D00738267 /* LaunchScreen.storyboard */,
				D060BD68255D352D00738267 /* Info.plist */,
			);
			path = AR_Swift;
			sourceTree = "<group>";
		};
		D060BD70255D352E00738267 /* AR_SwiftTests */ = {
			isa = PBXGroup;
			children = (
				D060BD71255D352E00738267 /* AR_SwiftTests.swift */,
				D060BD73255D352E00738267 /* Info.plist */,
			);
			path = AR_SwiftTests;
			sourceTree = "<group>";
		};
		D060BD7B255D352E00738267 /* AR_SwiftUITests */ = {
			isa = PBXGroup;
			children = (
				D060BD7C255D352E00738267 /* AR_SwiftUITests.swift */,
				D060BD7E255D352E00738267 /* Info.plist */,
			);
			path = AR_SwiftUITests;
			sourceTree = "<group>";
		};
/* End PBXGroup section */

/* Begin PBXNativeTarget section */
		D060BD56255D352C00738267 /* AR_Swift */ = {
			isa = PBXNativeTarget;
			buildConfigurationList = D060BD81255D352E00738267 /* Build configuration list for PBXNativeTarget "AR_Swift" */;
			buildPhases = (
				D060BD53255D352C00738267 /* Sources */,
				D060BD54255D352C00738267 /* Frameworks */,
				D060BD55255D352C00738267 /* Resources */,
			);
			buildRules = (
			);
			dependencies = (
			);
			name = AR_Swift;
			productName = AR_Swift;
			productReference = D060BD57255D352C00738267 /* AR_Swift.app */;
			productType = "com.apple.product-type.application";
		};
		D060BD6C255D352E00738267 /* AR_SwiftTests */ = {
			isa = PBXNativeTarget;
			buildConfigurationList = D060BD84255D352E00738267 /* Build configuration list for PBXNativeTarget "AR_SwiftTests" */;
			buildPhases = (
				D060BD69255D352E00738267 /* Sources */,
				D060BD6A255D352E00738267 /* Frameworks */,
				D060BD6B255D352E00738267 /* Resources */,
			);
			buildRules = (
			);
			dependencies = (
				D060BD6F255D352E00738267 /* PBXTargetDependency */,
			);
			name = AR_SwiftTests;
			productName = AR_SwiftTests;
			productReference = D060BD6D255D352E00738267 /* AR_SwiftTests.xctest */;
			productType = "com.apple.product-type.bundle.unit-test";
		};
		D060BD77255D352E00738267 /* AR_SwiftUITests */ = {
			isa = PBXNativeTarget;
			buildConfigurationList = D060BD87255D352E00738267 /* Build configuration list for PBXNativeTarget "AR_SwiftUITests" */;
			buildPhases = (
				D060BD74255D352E00738267 /* Sources */,
				D060BD75255D352E00738267 /* Frameworks */,
				D060BD76255D352E00738267 /* Resources */,
			);
			buildRules = (
			);
			dependencies = (
				D060BD7A255D352E00738267 /* PBXTargetDependency */,
			);
			name = AR_SwiftUITests;
			productName = AR_SwiftUITests;
			productReference = D060BD78255D352E00738267 /* AR_SwiftUITests.xctest */;
			productType = "com.apple.product-type.bundle.ui-testing";
		};
/* End PBXNativeTarget section */

/* Begin PBXProject section */
		D060BD4F255D352C00738267 /* Project object */ = {
			isa = PBXProject;
			attributes = {
				LastSwiftUpdateCheck = 1210;
				LastUpgradeCheck = 1210;
				TargetAttributes = {
					D060BD56255D352C00738267 = {
						CreatedOnToolsVersion = 12.1;
					};
					D060BD6C255D352E00738267 = {
						CreatedOnToolsVersion = 12.1;
						TestTargetID = D060BD56255D352C00738267;
					};
					D060BD77255D352E00738267 = {
						CreatedOnToolsVersion = 12.1;
						TestTargetID = D060BD56255D352C00738267;
					};
				};
			};
			buildConfigurationList = D060BD52255D352C00738267 /* Build configuration list for PBXProject "AR_Swift" */;
			compatibilityVersion = "Xcode 9.3";
			developmentRegion = en;
			hasScannedForEncodings = 0;
			knownRegions = (
				en,
				Base,
			);
			mainGroup = D060BD4E255D352C00738267;
			productRefGroup = D060BD58255D352C00738267 /* Products */;
			projectDirPath = "";
			projectRoot = "";
			targets = (
				D060BD56255D352C00738267 /* AR_Swift */,
				D060BD6C255D352E00738267 /* AR_SwiftTests */,
				D060BD77255D352E00738267 /* AR_SwiftUITests */,
			);
		};
/* End PBXProject section */

/* Begin PBXResourcesBuildPhase section */
		D060BD55255D352C00738267 /* Resources */ = {
			isa = PBXResourcesBuildPhase;
			buildActionMask = 2147483647;
			files = (
				D060BD5D255D352C00738267 /* art.scnassets in Resources */,
				D060BD67255D352D00738267 /* LaunchScreen.storyboard in Resources */,
				D060BD64255D352D00738267 /* Assets.xcassets in Resources */,
				D060BD62255D352C00738267 /* Main.storyboard in Resources */,
			);
			runOnlyForDeploymentPostprocessing = 0;
		};
		D060BD6B255D352E00738267 /* Resources */ = {
			isa = PBXResourcesBuildPhase;
			buildActionMask = 2147483647;
			files = (
			);
			runOnlyForDeploymentPostprocessing = 0;
		};
		D060BD76255D352E00738267 /* Resources */ = {
			isa = PBXResourcesBuildPhase;
			buildActionMask = 2147483647;
			files = (
			);
			runOnlyForDeploymentPostprocessing = 0;
		};
/* End PBXResourcesBuildPhase section */

/* Begin PBXSourcesBuildPhase section */
		D060BD53255D352C00738267 /* Sources */ = {
			isa = PBXSourcesBuildPhase;
			buildActionMask = 2147483647;
			files = (
				D060BD5F255D352C00738267 /* ViewController.swift in Sources */,
				D060BD5B255D352C00738267 /* AppDelegate.swift in Sources */,
			);
			runOnlyForDeploymentPostprocessing = 0;
		};
		D060BD69255D352E00738267 /* Sources */ = {
			isa = PBXSourcesBuildPhase;
			buildActionMask = 2147483647;
			files = (
				D060BD72255D352E00738267 /* AR_SwiftTests.swift in Sources */,
			);
			runOnlyForDeploymentPostprocessing = 0;
		};
		D060BD74255D352E00738267 /* Sources */ = {
			isa = PBXSourcesBuildPhase;
			buildActionMask = 2147483647;
			files = (
				D060BD7D255D352E00738267 /* AR_SwiftUITests.swift in Sources */,
			);
			runOnlyForDeploymentPostprocessing = 0;
		};
/* End PBXSourcesBuildPhase section */

/* Begin PBXTargetDependency section */
		D060BD6F255D352E00738267 /* PBXTargetDependency */ = {
			isa = PBXTargetDependency;
			target = D060BD56255D352C00738267 /* AR_Swift */;
			targetProxy = D060BD6E255D352E00738267 /* PBXContainerItemProxy */;
		};
		D060BD7A255D352E00738267 /* PBXTargetDependency */ = {
			isa = PBXTargetDependency;
			target = D060BD56255D352C00738267 /* AR_Swift */;
			targetProxy = D060BD79255D352E00738267 /* PBXContainerItemProxy */;
		};
/* End PBXTargetDependency section */

/* Begin PBXVariantGroup section */
		D060BD60255D352C00738267 /* Main.storyboard */ = {
			isa = PBXVariantGroup;
			children = (
				D060BD61255D352C00738267 /* Base */,
			);
			name = Main.storyboard;
			sourceTree = "<group>";
		};
		D060BD65255D352D00738267 /* LaunchScreen.storyboard */ = {
			isa = PBXVariantGroup;
			children = (
				D060BD66255D352D00738267 /* Base */,
			);
			name = LaunchScreen.storyboard;
			sourceTree = "<group>";
		};
/* End PBXVariantGroup section */

/* Begin XCBuildConfiguration section */
		D060BD7F255D352E00738267 /* Debug */ = {
			isa = XCBuildConfiguration;
			buildSettings = {
				ALWAYS_SEARCH_USER_PATHS = NO;
				CLANG_ANALYZER_NONNULL = YES;
				CLANG_ANALYZER_NUMBER_OBJECT_CONVERSION = YES_AGGRESSIVE;
				CLANG_CXX_LANGUAGE_STANDARD = "gnu++14";
				CLANG_CXX_LIBRARY = "libc++";
				CLANG_ENABLE_MODULES = YES;
				CLANG_ENABLE_OBJC_ARC = YES;
				CLANG_ENABLE_OBJC_WEAK = YES;
				CLANG_WARN_BLOCK_CAPTURE_AUTORELEASING = YES;
				CLANG_WARN_BOOL_CONVERSION = YES;
				CLANG_WARN_COMMA = YES;
				CLANG_WARN_CONSTANT_CONVERSION = YES;
				CLANG_WARN_DEPRECATED_OBJC_IMPLEMENTATIONS = YES;
				CLANG_WARN_DIRECT_OBJC_ISA_USAGE = YES_ERROR;
				CLANG_WARN_DOCUMENTATION_COMMENTS = YES;
				CLANG_WARN_EMPTY_BODY = YES;
				CLANG_WARN_ENUM_CONVERSION = YES;
				CLANG_WARN_INFINITE_RECURSION = YES;
				CLANG_WARN_INT_CONVERSION = YES;
				CLANG_WARN_NON_LITERAL_NULL_CONVERSION = YES;
				CLANG_WARN_OBJC_IMPLICIT_RETAIN_SELF = YES;
				CLANG_WARN_OBJC_LITERAL_CONVERSION = YES;
				CLANG_WARN_OBJC_ROOT_CLASS = YES_ERROR;
				CLANG_WARN_QUOTED_INCLUDE_IN_FRAMEWORK_HEADER = YES;
				CLANG_WARN_RANGE_LOOP_ANALYSIS = YES;
				CLANG_WARN_STRICT_PROTOTYPES = YES;
				CLANG_WARN_SUSPICIOUS_MOVE = YES;
				CLANG_WARN_UNGUARDED_AVAILABILITY = YES_AGGRESSIVE;
				CLANG_WARN_UNREACHABLE_CODE = YES;
				CLANG_WARN__DUPLICATE_METHOD_MATCH = YES;
				COPY_PHASE_STRIP = NO;
				DEBUG_INFORMATION_FORMAT = dwarf;
				ENABLE_STRICT_OBJC_MSGSEND = YES;
				ENABLE_TESTABILITY = YES;
				GCC_C_LANGUAGE_STANDARD = gnu11;
				GCC_DYNAMIC_NO_PIC = NO;
				GCC_NO_COMMON_BLOCKS = YES;
				GCC_OPTIMIZATION_LEVEL = 0;
				GCC_PREPROCESSOR_DEFINITIONS = (
					"DEBUG=1",
					"$(inherited)",
				);
				GCC_WARN_64_TO_32_BIT_CONVERSION = YES;
				GCC_WARN_ABOUT_RETURN_TYPE = YES_ERROR;
				GCC_WARN_UNDECLARED_SELECTOR = YES;
				GCC_WARN_UNINITIALIZED_AUTOS = YES_AGGRESSIVE;
				GCC_WARN_UNUSED_FUNCTION = YES;
				GCC_WARN_UNUSED_VARIABLE = YES;
				IPHONEOS_DEPLOYMENT_TARGET = 14.1;
				MTL_ENABLE_DEBUG_INFO = INCLUDE_SOURCE;
				MTL_FAST_MATH = YES;
				ONLY_ACTIVE_ARCH = YES;
				SDKROOT = iphoneos;
				SWIFT_ACTIVE_COMPILATION_CONDITIONS = DEBUG;
				SWIFT_OPTIMIZATION_LEVEL = "-Onone";
			};
			name = Debug;
		};
		D060BD80255D352E00738267 /* Release */ = {
			isa = XCBuildConfiguration;
			buildSettings = {
				ALWAYS_SEARCH_USER_PATHS = NO;
				CLANG_ANALYZER_NONNULL = YES;
				CLANG_ANALYZER_NUMBER_OBJECT_CONVERSION = YES_AGGRESSIVE;
				CLANG_CXX_LANGUAGE_STANDARD = "gnu++14";
				CLANG_CXX_LIBRARY = "libc++";
				CLANG_ENABLE_MODULES = YES;
				CLANG_ENABLE_OBJC_ARC = YES;
				CLANG_ENABLE_OBJC_WEAK = YES;
				CLANG_WARN_BLOCK_CAPTURE_AUTORELEASING = YES;
				CLANG_WARN_BOOL_CONVERSION = YES;
				CLANG_WARN_COMMA = YES;
				CLANG_WARN_CONSTANT_CONVERSION = YES;
				CLANG_WARN_DEPRECATED_OBJC_IMPLEMENTATIONS = YES;
				CLANG_WARN_DIRECT_OBJC_ISA_USAGE = YES_ERROR;
				CLANG_WARN_DOCUMENTATION_COMMENTS = YES;
				CLANG_WARN_EMPTY_BODY = YES;
				CLANG_WARN_ENUM_CONVERSION = YES;
				CLANG_WARN_INFINITE_RECURSION = YES;
				CLANG_WARN_INT_CONVERSION = YES;
				CLANG_WARN_NON_LITERAL_NULL_CONVERSION = YES;
				CLANG_WARN_OBJC_IMPLICIT_RETAIN_SELF = YES;
				CLANG_WARN_OBJC_LITERAL_CONVERSION = YES;
				CLANG_WARN_OBJC_ROOT_CLASS = YES_ERROR;
				CLANG_WARN_QUOTED_INCLUDE_IN_FRAMEWORK_HEADER = YES;
				CLANG_WARN_RANGE_LOOP_ANALYSIS = YES;
				CLANG_WARN_STRICT_PROTOTYPES = YES;
				CLANG_WARN_SUSPICIOUS_MOVE = YES;
				CLANG_WARN_UNGUARDED_AVAILABILITY = YES_AGGRESSIVE;
				CLANG_WARN_UNREACHABLE_CODE = YES;
				CLANG_WARN__DUPLICATE_METHOD_MATCH = YES;
				COPY_PHASE_STRIP = NO;
				DEBUG_INFORMATION_FORMAT = "dwarf-with-dsym";
				ENABLE_NS_ASSERTIONS = NO;
				ENABLE_STRICT_OBJC_MSGSEND = YES;
				GCC_C_LANGUAGE_STANDARD = gnu11;
				GCC_NO_COMMON_BLOCKS = YES;
				GCC_WARN_64_TO_32_BIT_CONVERSION = YES;
				GCC_WARN_ABOUT_RETURN_TYPE = YES_ERROR;
				GCC_WARN_UNDECLARED_SELECTOR = YES;
				GCC_WARN_UNINITIALIZED_AUTOS = YES_AGGRESSIVE;
				GCC_WARN_UNUSED_FUNCTION = YES;
				GCC_WARN_UNUSED_VARIABLE = YES;
				IPHONEOS_DEPLOYMENT_TARGET = 14.1;
				MTL_ENABLE_DEBUG_INFO = NO;
				MTL_FAST_MATH = YES;
				SDKROOT = iphoneos;
				SWIFT_COMPILATION_MODE = wholemodule;
				SWIFT_OPTIMIZATION_LEVEL = "-O";
				VALIDATE_PRODUCT = YES;
			};
			name = Release;
		};
		D060BD82255D352E00738267 /* Debug */ = {
			isa = XCBuildConfiguration;
			buildSettings = {
				ASSETCATALOG_COMPILER_APPICON_NAME = AppIcon;
				ASSETCATALOG_COMPILER_GLOBAL_ACCENT_COLOR_NAME = AccentColor;
				CODE_SIGN_STYLE = Automatic;
				DEVELOPMENT_TEAM = FKF3T2BH4Z;
				INFOPLIST_FILE = AR_Swift/Info.plist;
				LD_RUNPATH_SEARCH_PATHS = (
					"$(inherited)",
					"@executable_path/Frameworks",
				);
				PRODUCT_BUNDLE_IDENTIFIER = "ChengduShawCompany.AR-Swift";
				PRODUCT_NAME = "$(TARGET_NAME)";
				SWIFT_VERSION = 5.0;
				TARGETED_DEVICE_FAMILY = "1,2";
			};
			name = Debug;
		};
		D060BD83255D352E00738267 /* Release */ = {
			isa = XCBuildConfiguration;
			buildSettings = {
				ASSETCATALOG_COMPILER_APPICON_NAME = AppIcon;
				ASSETCATALOG_COMPILER_GLOBAL_ACCENT_COLOR_NAME = AccentColor;
				CODE_SIGN_STYLE = Automatic;
				DEVELOPMENT_TEAM = FKF3T2BH4Z;
				INFOPLIST_FILE = AR_Swift/Info.plist;
				LD_RUNPATH_SEARCH_PATHS = (
					"$(inherited)",
					"@executable_path/Frameworks",
				);
				PRODUCT_BUNDLE_IDENTIFIER = "ChengduShawCompany.AR-Swift";
				PRODUCT_NAME = "$(TARGET_NAME)";
				SWIFT_VERSION = 5.0;
				TARGETED_DEVICE_FAMILY = "1,2";
			};
			name = Release;
		};
		D060BD85255D352E00738267 /* Debug */ = {
			isa = XCBuildConfiguration;
			buildSettings = {
				ALWAYS_EMBED_SWIFT_STANDARD_LIBRARIES = YES;
				BUNDLE_LOADER = "$(TEST_HOST)";
				CODE_SIGN_STYLE = Automatic;
				DEVELOPMENT_TEAM = FKF3T2BH4Z;
				INFOPLIST_FILE = AR_SwiftTests/Info.plist;
				IPHONEOS_DEPLOYMENT_TARGET = 14.1;
				LD_RUNPATH_SEARCH_PATHS = (
					"$(inherited)",
					"@executable_path/Frameworks",
					"@loader_path/Frameworks",
				);
				PRODUCT_BUNDLE_IDENTIFIER = "ChengduShawCompany.AR-SwiftTests";
				PRODUCT_NAME = "$(TARGET_NAME)";
				SWIFT_VERSION = 5.0;
				TARGETED_DEVICE_FAMILY = "1,2";
				TEST_HOST = "$(BUILT_PRODUCTS_DIR)/AR_Swift.app/AR_Swift";
			};
			name = Debug;
		};
		D060BD86255D352E00738267 /* Release */ = {
			isa = XCBuildConfiguration;
			buildSettings = {
				ALWAYS_EMBED_SWIFT_STANDARD_LIBRARIES = YES;
				BUNDLE_LOADER = "$(TEST_HOST)";
				CODE_SIGN_STYLE = Automatic;
				DEVELOPMENT_TEAM = FKF3T2BH4Z;
				INFOPLIST_FILE = AR_SwiftTests/Info.plist;
				IPHONEOS_DEPLOYMENT_TARGET = 14.1;
				LD_RUNPATH_SEARCH_PATHS = (
					"$(inherited)",
					"@executable_path/Frameworks",
					"@loader_path/Frameworks",
				);
				PRODUCT_BUNDLE_IDENTIFIER = "ChengduShawCompany.AR-SwiftTests";
				PRODUCT_NAME = "$(TARGET_NAME)";
				SWIFT_VERSION = 5.0;
				TARGETED_DEVICE_FAMILY = "1,2";
				TEST_HOST = "$(BUILT_PRODUCTS_DIR)/AR_Swift.app/AR_Swift";
			};
			name = Release;
		};
		D060BD88255D352E00738267 /* Debug */ = {
			isa = XCBuildConfiguration;
			buildSettings = {
				ALWAYS_EMBED_SWIFT_STANDARD_LIBRARIES = YES;
				CODE_SIGN_STYLE = Automatic;
				DEVELOPMENT_TEAM = FKF3T2BH4Z;
				INFOPLIST_FILE = AR_SwiftUITests/Info.plist;
				LD_RUNPATH_SEARCH_PATHS = (
					"$(inherited)",
					"@executable_path/Frameworks",
					"@loader_path/Frameworks",
				);
				PRODUCT_BUNDLE_IDENTIFIER = "ChengduShawCompany.AR-SwiftUITests";
				PRODUCT_NAME = "$(TARGET_NAME)";
				SWIFT_VERSION = 5.0;
				TARGETED_DEVICE_FAMILY = "1,2";
				TEST_TARGET_NAME = AR_Swift;
			};
			name = Debug;
		};
		D060BD89255D352E00738267 /* Release */ = {
			isa = XCBuildConfiguration;
			buildSettings = {
				ALWAYS_EMBED_SWIFT_STANDARD_LIBRARIES = YES;
				CODE_SIGN_STYLE = Automatic;
				DEVELOPMENT_TEAM = FKF3T2BH4Z;
				INFOPLIST_FILE = AR_SwiftUITests/Info.plist;
				LD_RUNPATH_SEARCH_PATHS = (
					"$(inherited)",
					"@executable_path/Frameworks",
					"@loader_path/Frameworks",
				);
				PRODUCT_BUNDLE_IDENTIFIER = "ChengduShawCompany.AR-SwiftUITests";
				PRODUCT_NAME = "$(TARGET_NAME)";
				SWIFT_VERSION = 5.0;
				TARGETED_DEVICE_FAMILY = "1,2";
				TEST_TARGET_NAME = AR_Swift;
			};
			name = Release;
		};
/* End XCBuildConfiguration section */

/* Begin XCConfigurationList section */
		D060BD52255D352C00738267 /* Build configuration list for PBXProject "AR_Swift" */ = {
			isa = XCConfigurationList;
			buildConfigurations = (
				D060BD7F255D352E00738267 /* Debug */,
				D060BD80255D352E00738267 /* Release */,
			);
			defaultConfigurationIsVisible = 0;
			defaultConfigurationName = Release;
		};
		D060BD81255D352E00738267 /* Build configuration list for PBXNativeTarget "AR_Swift" */ = {
			isa = XCConfigurationList;
			buildConfigurations = (
				D060BD82255D352E00738267 /* Debug */,
				D060BD83255D352E00738267 /* Release */,
			);
			defaultConfigurationIsVisible = 0;
			defaultConfigurationName = Release;
		};
		D060BD84255D352E00738267 /* Build configuration list for PBXNativeTarget "AR_SwiftTests" */ = {
			isa = XCConfigurationList;
			buildConfigurations = (
				D060BD85255D352E00738267 /* Debug */,
				D060BD86255D352E00738267 /* Release */,
			);
			defaultConfigurationIsVisible = 0;
			defaultConfigurationName = Release;
		};
		D060BD87255D352E00738267 /* Build configuration list for PBXNativeTarget "AR_SwiftUITests" */ = {
			isa = XCConfigurationList;
			buildConfigurations = (
				D060BD88255D352E00738267 /* Debug */,
				D060BD89255D352E00738267 /* Release */,
			);
			defaultConfigurationIsVisible = 0;
			defaultConfigurationName = Release;
		};
/* End XCConfigurationList section */
	};
	rootObject = D060BD4F255D352C00738267 /* Project object */;
}
